<?xml version="1.0" encoding="utf-8"?>
<Project ToolsVersion="4.0" xmlns="http://schemas.microsoft.com/developer/msbuild/2003">
  <ItemGroup>
    <Filter Include="Source Files">
      <UniqueIdentifier>{4FC737F1-C7A5-4376-A066-2A32D752A2FF}</UniqueIdentifier>
      <Extensions>cpp;c;cc;cxx;def;odl;idl;hpj;bat;asm;asmx</Extensions>
    </Filter>
    <Filter Include="Header Files">
      <UniqueIdentifier>{93995380-89BD-4b04-88EB-625FBE52EBFB}</UniqueIdentifier>
      <Extensions>h;hh;hpp;hxx;hm;inl;inc;ipp;xsd</Extensions>
    </Filter>
    <Filter Include="Resource Files">
      <UniqueIdentifier>{67DA6AB6-F800-4c08-8B7A-83BB121AAD01}</UniqueIdentifier>
      <Extensions>rc;ico;cur;bmp;dlg;rc2;rct;bin;rgs;gif;jpg;jpeg;jpe;resx;tiff;tif;png;wav;mfcribbon-ms</Extensions>
    </Filter>
    <Filter Include="Source Files\View">
      <UniqueIdentifier>{d60c60c1-9a56-4521-adf2-4157e91ad96d}</UniqueIdentifier>
    </Filter>
    <Filter Include="Header Files\View">
      <UniqueIdentifier>{e76444cd-cc77-4b2e-9c5c-152bf1a47a91}</UniqueIdentifier>
    </Filter>
    <Filter Include="Source Files\Game">
      <UniqueIdentifier>{31de4909-0dd5-4220-8eea-88af4bf80587}</UniqueIdentifier>
    </Filter>
    <Filter Include="Header Files\Game">
      <UniqueIdentifier>{542af198-56eb-4d1d-a04e-82a0983a1cc4}</UniqueIdentifier>
    </Filter>
    <Filter Include="Header Files\Game\Heroes">
      <UniqueIdentifier>{e0c0c7cd-fc81-494a-ba36-e14039c64c47}</UniqueIdentifier>
    </Filter>
    <Filter Include="Source Files\Game\heroes">
      <UniqueIdentifier>{95c8ae99-6aeb-4846-940c-dacd7f503a7e}</UniqueIdentifier>
    </Filter>
    <Filter Include="Source Files\Control">
      <UniqueIdentifier>{77527934-4df8-47bf-b328-ad937fe1acff}</UniqueIdentifier>
    </Filter>
    <Filter Include="Header Files\Control">
      <UniqueIdentifier>{9d159de6-33f1-49aa-b90c-0abfd7b03bea}</UniqueIdentifier>
    </Filter>
    <Filter Include="Header Files\Settings">
      <UniqueIdentifier>{4f721a64-d7ef-4cbe-ba6b-f99193c95bf2}</UniqueIdentifier>
    </Filter>
    <Filter Include="Source Files\Settings">
      <UniqueIdentifier>{82c3997b-e6db-4b70-902c-9bf707edf5af}</UniqueIdentifier>
    </Filter>
  </ItemGroup>
  <ItemGroup>
    <ClCompile Include="View.cpp">
      <Filter>Source Files\View</Filter>
    </ClCompile>
    <ClCompile Include="Main.cpp">
      <Filter>Source Files</Filter>
    </ClCompile>
    <ClCompile Include="MapGameField.cpp">
      <Filter>Source Files\Game</Filter>
    </ClCompile>
    <ClCompile Include="LoadSave.cpp">
      <Filter>Source Files\Settings</Filter>
    </ClCompile>
    <ClCompile Include="SettingsStore.cpp">
      <Filter>Source Files\Settings</Filter>
    </ClCompile>
    <ClCompile Include="Place.cpp">
      <Filter>Source Files\Game</Filter>
    </ClCompile>
    <ClCompile Include="MapCreator.cpp">
      <Filter>Source Files\Game</Filter>
    </ClCompile>
    <ClCompile Include="Run.cpp">
      <Filter>Source Files</Filter>
    </ClCompile>
    <ClCompile Include="InterchangeObject.cpp">
      <Filter>Source Files\Game</Filter>
    </ClCompile>
    <ClCompile Include="DrawableObjectHUD.cpp">
      <Filter>Source Files\View</Filter>
    </ClCompile>
    <ClCompile Include="EnemyHero.cpp">
      <Filter>Source Files\Game\heroes</Filter>
    </ClCompile>
    <ClCompile Include="HeroPlayer.cpp">
      <Filter>Source Files\Game\heroes</Filter>
    </ClCompile>
    <ClCompile Include="Control.cpp">
      <Filter>Source Files\Control</Filter>
    </ClCompile>
    <ClCompile Include="Command_esc.cpp">
      <Filter>Source Files\Control</Filter>
    </ClCompile>
    <ClCompile Include="RequestHundler.cpp">
      <Filter>Source Files\Control</Filter>
    </ClCompile>
    <ClCompile Include="ICommand.cpp">
      <Filter>Source Files\Control</Filter>
    </ClCompile>
    <ClCompile Include="Command_Attack.cpp">
      <Filter>Source Files\Control</Filter>
    </ClCompile>
    <ClCompile Include="Command_EnemyAttack.cpp">
      <Filter>Source Files\Control</Filter>
    </ClCompile>
    <ClCompile Include="Command_MoveToLeftPlace.cpp">
      <Filter>Source Files\Control</Filter>
    </ClCompile>
    <ClCompile Include="Command_GetTextFromPlace.cpp">
      <Filter>Source Files\Control</Filter>
    </ClCompile>
    <ClCompile Include="Command_MoveToRightPlace.cpp">
      <Filter>Source Files\Control</Filter>
    </ClCompile>
    <ClCompile Include="Command_MAttack.cpp">
      <Filter>Source Files\Control</Filter>
    </ClCompile>
    <ClCompile Include="Command_EnemyMAttack.cpp">
      <Filter>Source Files\Control</Filter>
    </ClCompile>
  </ItemGroup>
  <ItemGroup>
    <ClInclude Include="Main.h">
      <Filter>Header Files</Filter>
    </ClInclude>
    <ClInclude Include="View.h">
      <Filter>Header Files\View</Filter>
    </ClInclude>
    <ClInclude Include="MapGameField.h">
      <Filter>Header Files\Game</Filter>
    </ClInclude>
    <ClInclude Include="LoadSave.h">
      <Filter>Header Files\Settings</Filter>
    </ClInclude>
    <ClInclude Include="SettingsStore.h">
      <Filter>Header Files\Settings</Filter>
    </ClInclude>
    <ClInclude Include="Place.h">
      <Filter>Header Files\Game</Filter>
    </ClInclude>
    <ClInclude Include="MapCreator.h">
      <Filter>Header Files\Game</Filter>
    </ClInclude>
    <ClInclude Include="Run.h">
      <Filter>Header Files</Filter>
    </ClInclude>
    <ClInclude Include="InterchangeObject.h">
      <Filter>Header Files\Game</Filter>
    </ClInclude>
    <ClInclude Include="EnemyHero.h">
      <Filter>Header Files\Game\Heroes</Filter>
    </ClInclude>
    <ClInclude Include="HeroPlayer.h">
      <Filter>Header Files\Game\Heroes</Filter>
    </ClInclude>
    <ClInclude Include="DrawableObjectHUD.h">
      <Filter>Header Files\View</Filter>
    </ClInclude>
    <ClInclude Include="Control.h">
      <Filter>Header Files\Control</Filter>
    </ClInclude>
    <ClInclude Include="ICommand.h">
      <Filter>Header Files\Control</Filter>
    </ClInclude>
    <ClInclude Include="Command_esc.h">
      <Filter>Header Files\Control</Filter>
    </ClInclude>
    <ClInclude Include="RequestHundler.h">
      <Filter>Header Files\Control</Filter>
    </ClInclude>
    <ClInclude Include="Command_Attack.h">
      <Filter>Header Files\Control</Filter>
    </ClInclude>
    <ClInclude Include="Command_EnemyAttack.h">
      <Filter>Header Files\Control</Filter>
    </ClInclude>
    <ClInclude Include="Command_GetTextFromPlace.h">
      <Filter>Header Files\Control</Filter>
    </ClInclude>
    <ClInclude Include="Command_MoveToLeftPlace.h">
      <Filter>Header Files\Control</Filter>
    </ClInclude>
    <ClInclude Include="Command_MoveToRightPlace.h">
      <Filter>Header Files\Control</Filter>
    </ClInclude>
    <ClInclude Include="Command_MAttack.h">
      <Filter>Header Files\Control</Filter>
    </ClInclude>
    <ClInclude Include="Command_EnemyMAttack.h">
      <Filter>Header Files\Control</Filter>
    </ClInclude>
  </ItemGroup>
  <ItemGroup>
    <None Include="ClassDiagram.cd" />
  </ItemGroup>
</Project>