<?xml version="1.0" encoding="utf-8"?>
<Project ToolsVersion="4.0" xmlns="http://schemas.microsoft.com/developer/msbuild/2003">
  <ItemGroup>
    <Filter Include="Source Files">
      <UniqueIdentifier>{4FC737F1-C7A5-4376-A066-2A32D752A2FF}</UniqueIdentifier>
      <Extensions>cpp;c;cc;cxx;def;odl;idl;hpj;bat;asm;asmx</Extensions>
    </Filter>
    <Filter Include="Header Files">
      <UniqueIdentifier>{93995380-89BD-4b04-88EB-625FBE52EBFB}</UniqueIdentifier>
      <Extensions>h;hh;hpp;hxx;hm;inl;inc;ipp;xsd</Extensions>
    </Filter>
    <Filter Include="Resource Files">
      <UniqueIdentifier>{67DA6AB6-F800-4c08-8B7A-83BB121AAD01}</UniqueIdentifier>
      <Extensions>rc;ico;cur;bmp;dlg;rc2;rct;bin;rgs;gif;jpg;jpeg;jpe;resx;tiff;tif;png;wav;mfcribbon-ms</Extensions>
    </Filter>
    <Filter Include="Source Files\View">
      <UniqueIdentifier>{d60c60c1-9a56-4521-adf2-4157e91ad96d}</UniqueIdentifier>
    </Filter>
    <Filter Include="Header Files\View">
      <UniqueIdentifier>{e76444cd-cc77-4b2e-9c5c-152bf1a47a91}</UniqueIdentifier>
    </Filter>
    <Filter Include="Source Files\Game">
      <UniqueIdentifier>{31de4909-0dd5-4220-8eea-88af4bf80587}</UniqueIdentifier>
    </Filter>
    <Filter Include="Header Files\Game">
      <UniqueIdentifier>{542af198-56eb-4d1d-a04e-82a0983a1cc4}</UniqueIdentifier>
    </Filter>
    <Filter Include="Source Files\InputSave">
      <UniqueIdentifier>{82c3997b-e6db-4b70-902c-9bf707edf5af}</UniqueIdentifier>
    </Filter>
    <Filter Include="Header Files\InputSave">
      <UniqueIdentifier>{4f721a64-d7ef-4cbe-ba6b-f99193c95bf2}</UniqueIdentifier>
    </Filter>
  </ItemGroup>
  <ItemGroup>
    <ClCompile Include="HUD.cpp">
      <Filter>Source Files\View</Filter>
    </ClCompile>
    <ClCompile Include="Content.cpp">
      <Filter>Source Files\View</Filter>
    </ClCompile>
    <ClCompile Include="Element.cpp">
      <Filter>Source Files\View</Filter>
    </ClCompile>
    <ClCompile Include="DrawableObjectFirst.cpp">
      <Filter>Source Files\View</Filter>
    </ClCompile>
    <ClCompile Include="ViewImpl.cpp">
      <Filter>Source Files\View</Filter>
    </ClCompile>
    <ClCompile Include="View.cpp">
      <Filter>Source Files\View</Filter>
    </ClCompile>
    <ClCompile Include="EnemyHero.cpp">
      <Filter>Source Files\Game</Filter>
    </ClCompile>
    <ClCompile Include="EnemyHeroNovice.cpp">
      <Filter>Source Files\Game</Filter>
    </ClCompile>
    <ClCompile Include="GameObject.cpp">
      <Filter>Source Files\Game</Filter>
    </ClCompile>
    <ClCompile Include="HeroPlayer.cpp">
      <Filter>Source Files\Game</Filter>
    </ClCompile>
    <ClCompile Include="Main.cpp">
      <Filter>Source Files</Filter>
    </ClCompile>
    <ClCompile Include="MapGameField.cpp">
      <Filter>Source Files\Game</Filter>
    </ClCompile>
    <ClCompile Include="Items.cpp">
      <Filter>Source Files\Game</Filter>
    </ClCompile>
    <ClCompile Include="Input.cpp">
      <Filter>Source Files\InputSave</Filter>
    </ClCompile>
    <ClCompile Include="LoadSave.cpp">
      <Filter>Source Files\InputSave</Filter>
    </ClCompile>
    <ClCompile Include="SettingsStore.cpp">
      <Filter>Source Files\InputSave</Filter>
    </ClCompile>
    <ClCompile Include="Place.cpp">
      <Filter>Source Files\Game</Filter>
    </ClCompile>
  </ItemGroup>
  <ItemGroup>
    <ClInclude Include="Main.h">
      <Filter>Header Files</Filter>
    </ClInclude>
    <ClInclude Include="View.h">
      <Filter>Header Files\View</Filter>
    </ClInclude>
    <ClInclude Include="Content.h">
      <Filter>Header Files\View</Filter>
    </ClInclude>
    <ClInclude Include="HUD.h">
      <Filter>Header Files\View</Filter>
    </ClInclude>
    <ClInclude Include="Element.h">
      <Filter>Header Files\View</Filter>
    </ClInclude>
    <ClInclude Include="DrawableObjectFirst.h">
      <Filter>Header Files\View</Filter>
    </ClInclude>
    <ClInclude Include="ViewImpl.h">
      <Filter>Header Files\View</Filter>
    </ClInclude>
    <ClInclude Include="EnemyHero.h">
      <Filter>Header Files\Game</Filter>
    </ClInclude>
    <ClInclude Include="EnemyHeroNovice.h">
      <Filter>Header Files\Game</Filter>
    </ClInclude>
    <ClInclude Include="GameObject.h">
      <Filter>Header Files\Game</Filter>
    </ClInclude>
    <ClInclude Include="HeroPlayer.h">
      <Filter>Header Files\Game</Filter>
    </ClInclude>
    <ClInclude Include="Items.h">
      <Filter>Header Files\Game</Filter>
    </ClInclude>
    <ClInclude Include="MapGameField.h">
      <Filter>Header Files\Game</Filter>
    </ClInclude>
    <ClInclude Include="Input.h">
      <Filter>Header Files\InputSave</Filter>
    </ClInclude>
    <ClInclude Include="LoadSave.h">
      <Filter>Header Files\InputSave</Filter>
    </ClInclude>
    <ClInclude Include="SettingsStore.h">
      <Filter>Header Files\InputSave</Filter>
    </ClInclude>
    <ClInclude Include="Place.h">
      <Filter>Header Files\Game</Filter>
    </ClInclude>
  </ItemGroup>
  <ItemGroup>
    <None Include="ClassDiagram.cd" />
  </ItemGroup>
</Project>